
Microsoft Visual Studio Solution File, Format Version 12.00
# Visual Studio Version 17
VisualStudioVersion = 17.7.34031.279
MinimumVisualStudioVersion = 10.0.40219.1
Project("{FAE04EC0-301F-11D3-BF4B-00C04F79EFBC}") = "Test case ( User registration)", "Test case ( User registration)\Test case ( User registration).csproj", "{5C8A635E-E681-4B34-AA31-9FDD962F7E97}"
EndProject
Global
	GlobalSection(SolutionConfigurationPlatforms) = preSolution
		Debug|Any CPU = Debug|Any CPU
		Release|Any CPU = Release|Any CPU
	EndGlobalSection
	GlobalSection(ProjectConfigurationPlatforms) = postSolution
		{5C8A635E-E681-4B34-AA31-9FDD962F7E97}.Debug|Any CPU.ActiveCfg = Debug|Any CPU
		{5C8A635E-E681-4B34-AA31-9FDD962F7E97}.Debug|Any CPU.Build.0 = Debug|Any CPU
		{5C8A635E-E681-4B34-AA31-9FDD962F7E97}.Release|Any CPU.ActiveCfg = Release|Any CPU
		{5C8A635E-E681-4B34-AA31-9FDD962F7E97}.Release|Any CPU.Build.0 = Release|Any CPU
	EndGlobalSection
	GlobalSection(SolutionProperties) = preSolution
		HideSolutionNode = FALSE
	EndGlobalSection
	GlobalSection(ExtensibilityGlobals) = postSolution
		SolutionGuid = {2344A875-3BA8-4B58-8010-089725426EB4}
	EndGlobalSection
EndGlobal
